Microsoft Visual Studio Solution File, Format Version 7.00
Project("{FAE04EC0-301F-11D3-BF4B-00C04F79EFBC}") = "Demo", "Demo\Demo.csproj", "{E9EDFEE4-0473-40B1-96F6-8917F6F7EA78}"
EndProject
Global
	GlobalSection(SolutionConfiguration) = preSolution
		ConfigName.0 = Debug
		ConfigName.1 = Release
	EndGlobalSection
	GlobalSection(ProjectDependencies) = postSolution
	EndGlobalSection
	GlobalSection(ProjectConfiguration) = postSolution
		{E9EDFEE4-0473-40B1-96F6-8917F6F7EA78}.Debug.ActiveCfg = Debug|.NET
		{E9EDFEE4-0473-40B1-96F6-8917F6F7EA78}.Debug.Build.0 = Debug|.NET
		{E9EDFEE4-0473-40B1-96F6-8917F6F7EA78}.Release.ActiveCfg = Release|.NET
		{E9EDFEE4-0473-40B1-96F6-8917F6F7EA78}.Release.Build.0 = Release|.NET
	EndGlobalSection
	GlobalSection(ExtensibilityGlobals) = postSolution
	EndGlobalSection
	GlobalSection(ExtensibilityAddIns) = postSolution
	EndGlobalSection
EndGlobal
